
Microsoft Visual Studio Solution File, Format Version 12.00
# Visual Studio Version 17
VisualStudioVersion = 17.5.33530.505
MinimumVisualStudioVersion = 10.0.40219.1
Project("{FAE04EC0-301F-11D3-BF4B-00C04F79EFBC}") = "Zadacha01", "Zadacha01\Zadacha01.csproj", "{2BFFE32B-A99D-49C6-88FF-C9F7E8AA6573}"
EndProject
Global
	GlobalSection(SolutionConfigurationPlatforms) = preSolution
		Debug|Any CPU = Debug|Any CPU
		Release|Any CPU = Release|Any CPU
	EndGlobalSection
	GlobalSection(ProjectConfigurationPlatforms) = postSolution
		{2BFFE32B-A99D-49C6-88FF-C9F7E8AA6573}.Debug|Any CPU.ActiveCfg = Debug|Any CPU
		{2BFFE32B-A99D-49C6-88FF-C9F7E8AA6573}.Debug|Any CPU.Build.0 = Debug|Any CPU
		{2BFFE32B-A99D-49C6-88FF-C9F7E8AA6573}.Release|Any CPU.ActiveCfg = Release|Any CPU
		{2BFFE32B-A99D-49C6-88FF-C9F7E8AA6573}.Release|Any CPU.Build.0 = Release|Any CPU
	EndGlobalSection
	GlobalSection(SolutionProperties) = preSolution
		HideSolutionNode = FALSE
	EndGlobalSection
	GlobalSection(ExtensibilityGlobals) = postSolution
		SolutionGuid = {61C2EC54-B1A6-4D1C-896E-175CF4BDF240}
	EndGlobalSection
EndGlobal
