
Microsoft Visual Studio Solution File, Format Version 12.00
# Visual Studio Version 17
VisualStudioVersion = 17.5.33530.505
MinimumVisualStudioVersion = 10.0.40219.1
Project("{9A19103F-16F7-4668-BE54-9A1E7A4F7556}") = "Zadacha01", "Zadacha01\Zadacha01.csproj", "{0BEC4274-8297-4FDE-8BC7-10862DE6ABCB}"
EndProject
Project("{FAE04EC0-301F-11D3-BF4B-00C04F79EFBC}") = "Inches_To_Centimeters", "Inches_To_Centimeters\Inches_To_Centimeters.csproj", "{2FA1389E-1CE2-4C6E-B283-678025CEF43B}"
EndProject
Project("{FAE04EC0-301F-11D3-BF4B-00C04F79EFBC}") = "Greeting", "Greeting\Greeting.csproj", "{811D3ACF-9F94-4188-B484-21A2037568A9}"
EndProject
Project("{FAE04EC0-301F-11D3-BF4B-00C04F79EFBC}") = "Concatenate-Data", "Concatenate-Data\Concatenate-Data.csproj", "{82C5BCDF-5FB1-4261-9265-42BAAA1EC063}"
EndProject
Project("{FAE04EC0-301F-11D3-BF4B-00C04F79EFBC}") = "Convert_C_F", "Convert_C_F\Convert_C_F.csproj", "{44C9FF5F-814B-48AD-BFE6-944519193134}"
EndProject
Project("{FAE04EC0-301F-11D3-BF4B-00C04F79EFBC}") = "Convert_Rad_Deg", "Convert_Rad_Deg\Convert_Rad_Deg.csproj", "{CDD5F4BC-671B-416A-B4D6-CA7E4AC463BA}"
EndProject
Project("{FAE04EC0-301F-11D3-BF4B-00C04F79EFBC}") = "Convert_USD_BGN", "Convert_USD_BGN\Convert_USD_BGN.csproj", "{FF00F814-555B-4762-AFB0-5B8D26082020}"
EndProject
Project("{FAE04EC0-301F-11D3-BF4B-00C04F79EFBC}") = "TrainingLab-Exam1-Problem1", "TrainingLab-Exam1-Problem1\TrainingLab-Exam1-Problem1.csproj", "{B226D874-629E-407F-A5B2-5DBC4FD5996F}"
EndProject
Global
	GlobalSection(SolutionConfigurationPlatforms) = preSolution
		Debug|Any CPU = Debug|Any CPU
		Release|Any CPU = Release|Any CPU
	EndGlobalSection
	GlobalSection(ProjectConfigurationPlatforms) = postSolution
		{0BEC4274-8297-4FDE-8BC7-10862DE6ABCB}.Debug|Any CPU.ActiveCfg = Debug|Any CPU
		{0BEC4274-8297-4FDE-8BC7-10862DE6ABCB}.Debug|Any CPU.Build.0 = Debug|Any CPU
		{0BEC4274-8297-4FDE-8BC7-10862DE6ABCB}.Release|Any CPU.ActiveCfg = Release|Any CPU
		{0BEC4274-8297-4FDE-8BC7-10862DE6ABCB}.Release|Any CPU.Build.0 = Release|Any CPU
		{2FA1389E-1CE2-4C6E-B283-678025CEF43B}.Debug|Any CPU.ActiveCfg = Debug|Any CPU
		{2FA1389E-1CE2-4C6E-B283-678025CEF43B}.Debug|Any CPU.Build.0 = Debug|Any CPU
		{2FA1389E-1CE2-4C6E-B283-678025CEF43B}.Release|Any CPU.ActiveCfg = Release|Any CPU
		{2FA1389E-1CE2-4C6E-B283-678025CEF43B}.Release|Any CPU.Build.0 = Release|Any CPU
		{811D3ACF-9F94-4188-B484-21A2037568A9}.Debug|Any CPU.ActiveCfg = Debug|Any CPU
		{811D3ACF-9F94-4188-B484-21A2037568A9}.Debug|Any CPU.Build.0 = Debug|Any CPU
		{811D3ACF-9F94-4188-B484-21A2037568A9}.Release|Any CPU.ActiveCfg = Release|Any CPU
		{811D3ACF-9F94-4188-B484-21A2037568A9}.Release|Any CPU.Build.0 = Release|Any CPU
		{82C5BCDF-5FB1-4261-9265-42BAAA1EC063}.Debug|Any CPU.ActiveCfg = Debug|Any CPU
		{82C5BCDF-5FB1-4261-9265-42BAAA1EC063}.Debug|Any CPU.Build.0 = Debug|Any CPU
		{82C5BCDF-5FB1-4261-9265-42BAAA1EC063}.Release|Any CPU.ActiveCfg = Release|Any CPU
		{82C5BCDF-5FB1-4261-9265-42BAAA1EC063}.Release|Any CPU.Build.0 = Release|Any CPU
		{44C9FF5F-814B-48AD-BFE6-944519193134}.Debug|Any CPU.ActiveCfg = Debug|Any CPU
		{44C9FF5F-814B-48AD-BFE6-944519193134}.Debug|Any CPU.Build.0 = Debug|Any CPU
		{44C9FF5F-814B-48AD-BFE6-944519193134}.Release|Any CPU.ActiveCfg = Release|Any CPU
		{44C9FF5F-814B-48AD-BFE6-944519193134}.Release|Any CPU.Build.0 = Release|Any CPU
		{CDD5F4BC-671B-416A-B4D6-CA7E4AC463BA}.Debug|Any CPU.ActiveCfg = Debug|Any CPU
		{CDD5F4BC-671B-416A-B4D6-CA7E4AC463BA}.Debug|Any CPU.Build.0 = Debug|Any CPU
		{CDD5F4BC-671B-416A-B4D6-CA7E4AC463BA}.Release|Any CPU.ActiveCfg = Release|Any CPU
		{CDD5F4BC-671B-416A-B4D6-CA7E4AC463BA}.Release|Any CPU.Build.0 = Release|Any CPU
		{FF00F814-555B-4762-AFB0-5B8D26082020}.Debug|Any CPU.ActiveCfg = Debug|Any CPU
		{FF00F814-555B-4762-AFB0-5B8D26082020}.Debug|Any CPU.Build.0 = Debug|Any CPU
		{FF00F814-555B-4762-AFB0-5B8D26082020}.Release|Any CPU.ActiveCfg = Release|Any CPU
		{FF00F814-555B-4762-AFB0-5B8D26082020}.Release|Any CPU.Build.0 = Release|Any CPU
		{B226D874-629E-407F-A5B2-5DBC4FD5996F}.Debug|Any CPU.ActiveCfg = Debug|Any CPU
		{B226D874-629E-407F-A5B2-5DBC4FD5996F}.Debug|Any CPU.Build.0 = Debug|Any CPU
		{B226D874-629E-407F-A5B2-5DBC4FD5996F}.Release|Any CPU.ActiveCfg = Release|Any CPU
		{B226D874-629E-407F-A5B2-5DBC4FD5996F}.Release|Any CPU.Build.0 = Release|Any CPU
	EndGlobalSection
	GlobalSection(SolutionProperties) = preSolution
		HideSolutionNode = FALSE
	EndGlobalSection
	GlobalSection(ExtensibilityGlobals) = postSolution
		SolutionGuid = {78E212C7-76BC-476B-8541-BB6E46F59AE9}
	EndGlobalSection
EndGlobal
